
Microsoft Visual Studio Solution File, Format Version 12.00
# Visual Studio Version 17
VisualStudioVersion = 17.10.35013.160
MinimumVisualStudioVersion = 10.0.40219.1
Project("{FAE04EC0-301F-11D3-BF4B-00C04F79EFBC}") = "BeautySalonProject", "BeautySalonProject\BeautySalonProject.csproj", "{361FC62B-78C2-403F-BC63-6FCA27878C1F}"
EndProject
Global
	GlobalSection(SolutionConfigurationPlatforms) = preSolution
		Debug|Any CPU = Debug|Any CPU
		Release|Any CPU = Release|Any CPU
	EndGlobalSection
	GlobalSection(ProjectConfigurationPlatforms) = postSolution
		{361FC62B-78C2-403F-BC63-6FCA27878C1F}.Debug|Any CPU.ActiveCfg = Debug|Any CPU
		{361FC62B-78C2-403F-BC63-6FCA27878C1F}.Debug|Any CPU.Build.0 = Debug|Any CPU
		{361FC62B-78C2-403F-BC63-6FCA27878C1F}.Release|Any CPU.ActiveCfg = Release|Any CPU
		{361FC62B-78C2-403F-BC63-6FCA27878C1F}.Release|Any CPU.Build.0 = Release|Any CPU
	EndGlobalSection
	GlobalSection(SolutionProperties) = preSolution
		HideSolutionNode = FALSE
	EndGlobalSection
	GlobalSection(ExtensibilityGlobals) = postSolution
		SolutionGuid = {CC13B197-E07D-4BC6-9DF0-727B92D3E5C4}
	EndGlobalSection
EndGlobal
